// !$*UTF8*$!
{
	archiveVersion = 1;
	classes = {
	};
	objectVersion = 46;
	objects = {

/* Begin PBXBuildFile section */
		F2BF3B031B0BDD6900D9464D /* main.m in Sources */ = {isa = PBXBuildFile; fileRef = F2BF3B021B0BDD6900D9464D /* main.m */; };
		F2BF3B061B0BDD6900D9464D /* AppDelegate.m in Sources */ = {isa = PBXBuildFile; fileRef = F2BF3B051B0BDD6900D9464D /* AppDelegate.m */; };
		F2BF3B091B0BDD6900D9464D /* RootViewController.m in Sources */ = {isa = PBXBuildFile; fileRef = F2BF3B081B0BDD6900D9464D /* RootViewController.m */; };
		F2BF3B0C1B0BDD6900D9464D /* Main.storyboard in Resources */ = {isa = PBXBuildFile; fileRef = F2BF3B0A1B0BDD6900D9464D /* Main.storyboard */; };
		F2BF3B0E1B0BDD6900D9464D /* Images.xcassets in Resources */ = {isa = PBXBuildFile; fileRef = F2BF3B0D1B0BDD6900D9464D /* Images.xcassets */; };
		F2BF3B111B0BDD6900D9464D /* LaunchScreen.xib in Resources */ = {isa = PBXBuildFile; fileRef = F2BF3B0F1B0BDD6900D9464D /* LaunchScreen.xib */; };
		F2BF3B1D1B0BDD6900D9464D /* MCMSTests.m in Sources */ = {isa = PBXBuildFile; fileRef = F2BF3B1C1B0BDD6900D9464D /* MCMSTests.m */; };
		F2BF3B281B0BDDC500D9464D /* MagicalCreature.m in Sources */ = {isa = PBXBuildFile; fileRef = F2BF3B271B0BDDC500D9464D /* MagicalCreature.m */; };
		F2BF3B2B1B0BE48900D9464D /* CreatureViewController.m in Sources */ = {isa = PBXBuildFile; fileRef = F2BF3B2A1B0BE48900D9464D /* CreatureViewController.m */; };
		F2BF3B2E1B0C216B00D9464D /* BattleViewController.m in Sources */ = {isa = PBXBuildFile; fileRef = F2BF3B2D1B0C216B00D9464D /* BattleViewController.m */; };
/* End PBXBuildFile section */

/* Begin PBXContainerItemProxy section */
		F2BF3B171B0BDD6900D9464D /* PBXContainerItemProxy */ = {
			isa = PBXContainerItemProxy;
			containerPortal = F2BF3AF51B0BDD6900D9464D /* Project object */;
			proxyType = 1;
			remoteGlobalIDString = F2BF3AFC1B0BDD6900D9464D;
			remoteInfo = MCMS;
		};
/* End PBXContainerItemProxy section */

/* Begin PBXFileReference section */
		F2BF3AFD1B0BDD6900D9464D /* MCMS.app */ = {isa = PBXFileReference; explicitFileType = wrapper.application; includeInIndex = 0; path = MCMS.app; sourceTree = BUILT_PRODUCTS_DIR; };
		F2BF3B011B0BDD6900D9464D /* Info.plist */ = {isa = PBXFileReference; lastKnownFileType = text.plist.xml; path = Info.plist; sourceTree = "<group>"; };
		F2BF3B021B0BDD6900D9464D /* main.m */ = {isa = PBXFileReference; lastKnownFileType = sourcecode.c.objc; path = main.m; sourceTree = "<group>"; };
		F2BF3B041B0BDD6900D9464D /* AppDelegate.h */ = {isa = PBXFileReference; lastKnownFileType = sourcecode.c.h; path = AppDelegate.h; sourceTree = "<group>"; };
		F2BF3B051B0BDD6900D9464D /* AppDelegate.m */ = {isa = PBXFileReference; lastKnownFileType = sourcecode.c.objc; path = AppDelegate.m; sourceTree = "<group>"; };
		F2BF3B071B0BDD6900D9464D /* RootViewController.h */ = {isa = PBXFileReference; lastKnownFileType = sourcecode.c.h; path = RootViewController.h; sourceTree = "<group>"; };
		F2BF3B081B0BDD6900D9464D /* RootViewController.m */ = {isa = PBXFileReference; lastKnownFileType = sourcecode.c.objc; path = RootViewController.m; sourceTree = "<group>"; };
		F2BF3B0B1B0BDD6900D9464D /* Base */ = {isa = PBXFileReference; lastKnownFileType = file.storyboard; name = Base; path = Base.lproj/Main.storyboard; sourceTree = "<group>"; };
		F2BF3B0D1B0BDD6900D9464D /* Images.xcassets */ = {isa = PBXFileReference; lastKnownFileType = folder.assetcatalog; path = Images.xcassets; sourceTree = "<group>"; };
		F2BF3B101B0BDD6900D9464D /* Base */ = {isa = PBXFileReference; lastKnownFileType = file.xib; name = Base; path = Base.lproj/LaunchScreen.xib; sourceTree = "<group>"; };
		F2BF3B161B0BDD6900D9464D /* MCMSTests.xctest */ = {isa = PBXFileReference; explicitFileType = wrapper.cfbundle; includeInIndex = 0; path = MCMSTests.xctest; sourceTree = BUILT_PRODUCTS_DIR; };
		F2BF3B1B1B0BDD6900D9464D /* Info.plist */ = {isa = PBXFileReference; lastKnownFileType = text.plist.xml; path = Info.plist; sourceTree = "<group>"; };
		F2BF3B1C1B0BDD6900D9464D /* MCMSTests.m */ = {isa = PBXFileReference; lastKnownFileType = sourcecode.c.objc; path = MCMSTests.m; sourceTree = "<group>"; };
		F2BF3B261B0BDDC500D9464D /* MagicalCreature.h */ = {isa = PBXFileReference; fileEncoding = 4; lastKnownFileType = sourcecode.c.h; path = MagicalCreature.h; sourceTree = "<group>"; };
		F2BF3B271B0BDDC500D9464D /* MagicalCreature.m */ = {isa = PBXFileReference; fileEncoding = 4; lastKnownFileType = sourcecode.c.objc; path = MagicalCreature.m; sourceTree = "<group>"; };
		F2BF3B291B0BE48900D9464D /* CreatureViewController.h */ = {isa = PBXFileReference; fileEncoding = 4; lastKnownFileType = sourcecode.c.h; path = CreatureViewController.h; sourceTree = "<group>"; };
		F2BF3B2A1B0BE48900D9464D /* CreatureViewController.m */ = {isa = PBXFileReference; fileEncoding = 4; lastKnownFileType = sourcecode.c.objc; path = CreatureViewController.m; sourceTree = "<group>"; };
		F2BF3B2C1B0C216B00D9464D /* BattleViewController.h */ = {isa = PBXFileReference; fileEncoding = 4; lastKnownFileType = sourcecode.c.h; path = BattleViewController.h; sourceTree = "<group>"; };
		F2BF3B2D1B0C216B00D9464D /* BattleViewController.m */ = {isa = PBXFileReference; fileEncoding = 4; lastKnownFileType = sourcecode.c.objc; path = BattleViewController.m; sourceTree = "<group>"; };
/* End PBXFileReference section */

/* Begin PBXFrameworksBuildPhase section */
		F2BF3AFA1B0BDD6900D9464D /* Frameworks */ = {
			isa = PBXFrameworksBuildPhase;
			buildActionMask = 2147483647;
			files = (
			);
			runOnlyForDeploymentPostprocessing = 0;
		};
		F2BF3B131B0BDD6900D9464D /* Frameworks */ = {
			isa = PBXFrameworksBuildPhase;
			buildActionMask = 2147483647;
			files = (
			);
			runOnlyForDeploymentPostprocessing = 0;
		};
/* End PBXFrameworksBuildPhase section */

/* Begin PBXGroup section */
		F2BF3AF41B0BDD6900D9464D = {
			isa = PBXGroup;
			children = (
				F2BF3AFF1B0BDD6900D9464D /* MCMS */,
				F2BF3B191B0BDD6900D9464D /* MCMSTests */,
				F2BF3AFE1B0BDD6900D9464D /* Products */,
			);
			sourceTree = "<group>";
		};
		F2BF3AFE1B0BDD6900D9464D /* Products */ = {
			isa = PBXGroup;
			children = (
				F2BF3AFD1B0BDD6900D9464D /* MCMS.app */,
				F2BF3B161B0BDD6900D9464D /* MCMSTests.xctest */,
			);
			name = Products;
			sourceTree = "<group>";
		};
		F2BF3AFF1B0BDD6900D9464D /* MCMS */ = {
			isa = PBXGroup;
			children = (
				F2BF3B041B0BDD6900D9464D /* AppDelegate.h */,
				F2BF3B051B0BDD6900D9464D /* AppDelegate.m */,
				F2BF3B071B0BDD6900D9464D /* RootViewController.h */,
				F2BF3B081B0BDD6900D9464D /* RootViewController.m */,
				F2BF3B291B0BE48900D9464D /* CreatureViewController.h */,
				F2BF3B2A1B0BE48900D9464D /* CreatureViewController.m */,
				F2BF3B0A1B0BDD6900D9464D /* Main.storyboard */,
				F2BF3B2C1B0C216B00D9464D /* BattleViewController.h */,
				F2BF3B2D1B0C216B00D9464D /* BattleViewController.m */,
				F2BF3B261B0BDDC500D9464D /* MagicalCreature.h */,
				F2BF3B271B0BDDC500D9464D /* MagicalCreature.m */,
				F2BF3B0D1B0BDD6900D9464D /* Images.xcassets */,
				F2BF3B0F1B0BDD6900D9464D /* LaunchScreen.xib */,
				F2BF3B001B0BDD6900D9464D /* Supporting Files */,
			);
			path = MCMS;
			sourceTree = "<group>";
		};
		F2BF3B001B0BDD6900D9464D /* Supporting Files */ = {
			isa = PBXGroup;
			children = (
				F2BF3B011B0BDD6900D9464D /* Info.plist */,
				F2BF3B021B0BDD6900D9464D /* main.m */,
			);
			name = "Supporting Files";
			sourceTree = "<group>";
		};
		F2BF3B191B0BDD6900D9464D /* MCMSTests */ = {
			isa = PBXGroup;
			children = (
				F2BF3B1C1B0BDD6900D9464D /* MCMSTests.m */,
				F2BF3B1A1B0BDD6900D9464D /* Supporting Files */,
			);
			path = MCMSTests;
			sourceTree = "<group>";
		};
		F2BF3B1A1B0BDD6900D9464D /* Supporting Files */ = {
			isa = PBXGroup;
			children = (
				F2BF3B1B1B0BDD6900D9464D /* Info.plist */,
			);
			name = "Supporting Files";
			sourceTree = "<group>";
		};
/* End PBXGroup section */

/* Begin PBXNativeTarget section */
		F2BF3AFC1B0BDD6900D9464D /* MCMS */ = {
			isa = PBXNativeTarget;
			buildConfigurationList = F2BF3B201B0BDD6900D9464D /* Build configuration list for PBXNativeTarget "MCMS" */;
			buildPhases = (
				F2BF3AF91B0BDD6900D9464D /* Sources */,
				F2BF3AFA1B0BDD6900D9464D /* Frameworks */,
				F2BF3AFB1B0BDD6900D9464D /* Resources */,
			);
			buildRules = (
			);
			dependencies = (
			);
			name = MCMS;
			productName = MCMS;
			productReference = F2BF3AFD1B0BDD6900D9464D /* MCMS.app */;
			productType = "com.apple.product-type.application";
		};
		F2BF3B151B0BDD6900D9464D /* MCMSTests */ = {
			isa = PBXNativeTarget;
			buildConfigurationList = F2BF3B231B0BDD6900D9464D /* Build configuration list for PBXNativeTarget "MCMSTests" */;
			buildPhases = (
				F2BF3B121B0BDD6900D9464D /* Sources */,
				F2BF3B131B0BDD6900D9464D /* Frameworks */,
				F2BF3B141B0BDD6900D9464D /* Resources */,
			);
			buildRules = (
			);
			dependencies = (
				F2BF3B181B0BDD6900D9464D /* PBXTargetDependency */,
			);
			name = MCMSTests;
			productName = MCMSTests;
			productReference = F2BF3B161B0BDD6900D9464D /* MCMSTests.xctest */;
			productType = "com.apple.product-type.bundle.unit-test";
		};
/* End PBXNativeTarget section */

/* Begin PBXProject section */
		F2BF3AF51B0BDD6900D9464D /* Project object */ = {
			isa = PBXProject;
			attributes = {
				LastUpgradeCheck = 0630;
				ORGANIZATIONNAME = "Chee Vue";
				TargetAttributes = {
					F2BF3AFC1B0BDD6900D9464D = {
						CreatedOnToolsVersion = 6.3.1;
					};
					F2BF3B151B0BDD6900D9464D = {
						CreatedOnToolsVersion = 6.3.1;
						TestTargetID = F2BF3AFC1B0BDD6900D9464D;
					};
				};
			};
			buildConfigurationList = F2BF3AF81B0BDD6900D9464D /* Build configuration list for PBXProject "MCMS" */;
			compatibilityVersion = "Xcode 3.2";
			developmentRegion = English;
			hasScannedForEncodings = 0;
			knownRegions = (
				en,
				Base,
			);
			mainGroup = F2BF3AF41B0BDD6900D9464D;
			productRefGroup = F2BF3AFE1B0BDD6900D9464D /* Products */;
			projectDirPath = "";
			projectRoot = "";
			targets = (
				F2BF3AFC1B0BDD6900D9464D /* MCMS */,
				F2BF3B151B0BDD6900D9464D /* MCMSTests */,
			);
		};
/* End PBXProject section */

/* Begin PBXResourcesBuildPhase section */
		F2BF3AFB1B0BDD6900D9464D /* Resources */ = {
			isa = PBXResourcesBuildPhase;
			buildActionMask = 2147483647;
			files = (
				F2BF3B0C1B0BDD6900D9464D /* Main.storyboard in Resources */,
				F2BF3B111B0BDD6900D9464D /* LaunchScreen.xib in Resources */,
				F2BF3B0E1B0BDD6900D9464D /* Images.xcassets in Resources */,
			);
			runOnlyForDeploymentPostprocessing = 0;
		};
		F2BF3B141B0BDD6900D9464D /* Resources */ = {
			isa = PBXResourcesBuildPhase;
			buildActionMask = 2147483647;
			files = (
			);
			runOnlyForDeploymentPostprocessing = 0;
		};
/* End PBXResourcesBuildPhase section */

/* Begin PBXSourcesBuildPhase section */
		F2BF3AF91B0BDD6900D9464D /* Sources */ = {
			isa = PBXSourcesBuildPhase;
			buildActionMask = 2147483647;
			files = (
				F2BF3B091B0BDD6900D9464D /* RootViewController.m in Sources */,
				F2BF3B281B0BDDC500D9464D /* MagicalCreature.m in Sources */,
				F2BF3B2E1B0C216B00D9464D /* BattleViewController.m in Sources */,
				F2BF3B061B0BDD6900D9464D /* AppDelegate.m in Sources */,
				F2BF3B2B1B0BE48900D9464D /* CreatureViewController.m in Sources */,
				F2BF3B031B0BDD6900D9464D /* main.m in Sources */,
			);
			runOnlyForDeploymentPostprocessing = 0;
		};
		F2BF3B121B0BDD6900D9464D /* Sources */ = {
			isa = PBXSourcesBuildPhase;
			buildActionMask = 2147483647;
			files = (
				F2BF3B1D1B0BDD6900D9464D /* MCMSTests.m in Sources */,
			);
			runOnlyForDeploymentPostprocessing = 0;
		};
/* End PBXSourcesBuildPhase section */

/* Begin PBXTargetDependency section */
		F2BF3B181B0BDD6900D9464D /* PBXTargetDependency */ = {
			isa = PBXTargetDependency;
			target = F2BF3AFC1B0BDD6900D9464D /* MCMS */;
			targetProxy = F2BF3B171B0BDD6900D9464D /* PBXContainerItemProxy */;
		};
/* End PBXTargetDependency section */

/* Begin PBXVariantGroup section */
		F2BF3B0A1B0BDD6900D9464D /* Main.storyboard */ = {
			isa = PBXVariantGroup;
			children = (
				F2BF3B0B1B0BDD6900D9464D /* Base */,
			);
			name = Main.storyboard;
			sourceTree = "<group>";
		};
		F2BF3B0F1B0BDD6900D9464D /* LaunchScreen.xib */ = {
			isa = PBXVariantGroup;
			children = (
				F2BF3B101B0BDD6900D9464D /* Base */,
			);
			name = LaunchScreen.xib;
			sourceTree = "<group>";
		};
/* End PBXVariantGroup section */

/* Begin XCBuildConfiguration section */
		F2BF3B1E1B0BDD6900D9464D /* Debug */ = {
			isa = XCBuildConfiguration;
			buildSettings = {
				ALWAYS_SEARCH_USER_PATHS = NO;
				CLANG_CXX_LANGUAGE_STANDARD = "gnu++0x";
				CLANG_CXX_LIBRARY = "libc++";
				CLANG_ENABLE_MODULES = YES;
				CLANG_ENABLE_OBJC_ARC = YES;
				CLANG_WARN_BOOL_CONVERSION = YES;
				CLANG_WARN_CONSTANT_CONVERSION = YES;
				CLANG_WARN_DIRECT_OBJC_ISA_USAGE = YES_ERROR;
				CLANG_WARN_EMPTY_BODY = YES;
				CLANG_WARN_ENUM_CONVERSION = YES;
				CLANG_WARN_INT_CONVERSION = YES;
				CLANG_WARN_OBJC_ROOT_CLASS = YES_ERROR;
				CLANG_WARN_UNREACHABLE_CODE = YES;
				CLANG_WARN__DUPLICATE_METHOD_MATCH = YES;
				"CODE_SIGN_IDENTITY[sdk=iphoneos*]" = "iPhone Developer";
				COPY_PHASE_STRIP = NO;
				DEBUG_INFORMATION_FORMAT = "dwarf-with-dsym";
				ENABLE_STRICT_OBJC_MSGSEND = YES;
				GCC_C_LANGUAGE_STANDARD = gnu99;
				GCC_DYNAMIC_NO_PIC = NO;
				GCC_NO_COMMON_BLOCKS = YES;
				GCC_OPTIMIZATION_LEVEL = 0;
				GCC_PREPROCESSOR_DEFINITIONS = (
					"DEBUG=1",
					"$(inherited)",
				);
				GCC_SYMBOLS_PRIVATE_EXTERN = NO;
				GCC_WARN_64_TO_32_BIT_CONVERSION = YES;
				GCC_WARN_ABOUT_RETURN_TYPE = YES_ERROR;
				GCC_WARN_UNDECLARED_SELECTOR = YES;
				GCC_WARN_UNINITIALIZED_AUTOS = YES_AGGRESSIVE;
				GCC_WARN_UNUSED_FUNCTION = YES;
				GCC_WARN_UNUSED_VARIABLE = YES;
				IPHONEOS_DEPLOYMENT_TARGET = 8.3;
				MTL_ENABLE_DEBUG_INFO = YES;
				ONLY_ACTIVE_ARCH = YES;
				SDKROOT = iphoneos;
			};
			name = Debug;
		};
		F2BF3B1F1B0BDD6900D9464D /* Release */ = {
			isa = XCBuildConfiguration;
			buildSettings = {
				ALWAYS_SEARCH_USER_PATHS = NO;
				CLANG_CXX_LANGUAGE_STANDARD = "gnu++0x";
				CLANG_CXX_LIBRARY = "libc++";
				CLANG_ENABLE_MODULES = YES;
				CLANG_ENABLE_OBJC_ARC = YES;
				CLANG_WARN_BOOL_CONVERSION = YES;
				CLANG_WARN_CONSTANT_CONVERSION = YES;
				CLANG_WARN_DIRECT_OBJC_ISA_USAGE = YES_ERROR;
				CLANG_WARN_EMPTY_BODY = YES;
				CLANG_WARN_ENUM_CONVERSION = YES;
				CLANG_WARN_INT_CONVERSION = YES;
				CLANG_WARN_OBJC_ROOT_CLASS = YES_ERROR;
				CLANG_WARN_UNREACHABLE_CODE = YES;
				CLANG_WARN__DUPLICATE_METHOD_MATCH = YES;
				"CODE_SIGN_IDENTITY[sdk=iphoneos*]" = "iPhone Developer";
				COPY_PHASE_STRIP = NO;
				DEBUG_INFORMATION_FORMAT = "dwarf-with-dsym";
				ENABLE_NS_ASSERTIONS = NO;
				ENABLE_STRICT_OBJC_MSGSEND = YES;
				GCC_C_LANGUAGE_STANDARD = gnu99;
				GCC_NO_COMMON_BLOCKS = YES;
				GCC_WARN_64_TO_32_BIT_CONVERSION = YES;
				GCC_WARN_ABOUT_RETURN_TYPE = YES_ERROR;
				GCC_WARN_UNDECLARED_SELECTOR = YES;
				GCC_WARN_UNINITIALIZED_AUTOS = YES_AGGRESSIVE;
				GCC_WARN_UNUSED_FUNCTION = YES;
				GCC_WARN_UNUSED_VARIABLE = YES;
				IPHONEOS_DEPLOYMENT_TARGET = 8.3;
				MTL_ENABLE_DEBUG_INFO = NO;
				SDKROOT = iphoneos;
				VALIDATE_PRODUCT = YES;
			};
			name = Release;
		};
		F2BF3B211B0BDD6900D9464D /* Debug */ = {
			isa = XCBuildConfiguration;
			buildSettings = {
				ASSETCATALOG_COMPILER_APPICON_NAME = AppIcon;
				INFOPLIST_FILE = MCMS/Info.plist;
				LD_RUNPATH_SEARCH_PATHS = "$(inherited) @executable_path/Frameworks";
				PRODUCT_NAME = "$(TARGET_NAME)";
			};
			name = Debug;
		};
		F2BF3B221B0BDD6900D9464D /* Release */ = {
			isa = XCBuildConfiguration;
			buildSettings = {
				ASSETCATALOG_COMPILER_APPICON_NAME = AppIcon;
				INFOPLIST_FILE = MCMS/Info.plist;
				LD_RUNPATH_SEARCH_PATHS = "$(inherited) @executable_path/Frameworks";
				PRODUCT_NAME = "$(TARGET_NAME)";
			};
			name = Release;
		};
		F2BF3B241B0BDD6900D9464D /* Debug */ = {
			isa = XCBuildConfiguration;
			buildSettings = {
				BUNDLE_LOADER = "$(TEST_HOST)";
				FRAMEWORK_SEARCH_PATHS = (
					"$(SDKROOT)/Developer/Library/Frameworks",
					"$(inherited)",
				);
				GCC_PREPROCESSOR_DEFINITIONS = (
					"DEBUG=1",
					"$(inherited)",
				);
				INFOPLIST_FILE = MCMSTests/Info.plist;
				LD_RUNPATH_SEARCH_PATHS = "$(inherited) @executable_path/Frameworks @loader_path/Frameworks";
				PRODUCT_NAME = "$(TARGET_NAME)";
				TEST_HOST = "$(BUILT_PRODUCTS_DIR)/MCMS.app/MCMS";
			};
			name = Debug;
		};
		F2BF3B251B0BDD6900D9464D /* Release */ = {
			isa = XCBuildConfiguration;
			buildSettings = {
				BUNDLE_LOADER = "$(TEST_HOST)";
				FRAMEWORK_SEARCH_PATHS = (
					"$(SDKROOT)/Developer/Library/Frameworks",
					"$(inherited)",
				);
				INFOPLIST_FILE = MCMSTests/Info.plist;
				LD_RUNPATH_SEARCH_PATHS = "$(inherited) @executable_path/Frameworks @loader_path/Frameworks";
				PRODUCT_NAME = "$(TARGET_NAME)";
				TEST_HOST = "$(BUILT_PRODUCTS_DIR)/MCMS.app/MCMS";
			};
			name = Release;
		};
/* End XCBuildConfiguration section */

/* Begin XCConfigurationList section */
		F2BF3AF81B0BDD6900D9464D /* Build configuration list for PBXProject "MCMS" */ = {
			isa = XCConfigurationList;
			buildConfigurations = (
				F2BF3B1E1B0BDD6900D9464D /* Debug */,
				F2BF3B1F1B0BDD6900D9464D /* Release */,
			);
			defaultConfigurationIsVisible = 0;
			defaultConfigurationName = Release;
		};
		F2BF3B201B0BDD6900D9464D /* Build configuration list for PBXNativeTarget "MCMS" */ = {
			isa = XCConfigurationList;
			buildConfigurations = (
				F2BF3B211B0BDD6900D9464D /* Debug */,
				F2BF3B221B0BDD6900D9464D /* Release */,
			);
			defaultConfigurationIsVisible = 0;
			defaultConfigurationName = Release;
		};
		F2BF3B231B0BDD6900D9464D /* Build configuration list for PBXNativeTarget "MCMSTests" */ = {
			isa = XCConfigurationList;
			buildConfigurations = (
				F2BF3B241B0BDD6900D9464D /* Debug */,
				F2BF3B251B0BDD6900D9464D /* Release */,
			);
			defaultConfigurationIsVisible = 0;
			defaultConfigurationName = Release;
		};
/* End XCConfigurationList section */
	};
	rootObject = F2BF3AF51B0BDD6900D9464D /* Project object */;
}
